{
  "originHash" : "91aba23a4a082a4892cf6392bceddb70d5690cb1d4fa5ff625842b0f2f9f9737",
  "pins" : [
    {
      "identity" : "spm-framework-one",
      "kind" : "remoteSourceControl",
      "location" : "https://github.com/darjeelingsteve/spm-framework-one",
      "state" : {
        "revision" : "55172f1fc6c1e4113660773e6402bde356445c77",
        "version" : "1.0.1"
      }
    }
  ],
  "version" : 3
}
